
Microsoft Visual Studio Solution File, Format Version 12.00
# Visual Studio Version 17
VisualStudioVersion = 17.6.33815.320
MinimumVisualStudioVersion = 10.0.40219.1
Project("{FAE04EC0-301F-11D3-BF4B-00C04F79EFBC}") = "Crud", "Crud\Crud.csproj", "{DFFDA50B-AE09-4FF1-9F3B-7CCED717CF38}"
EndProject
Global
	GlobalSection(SolutionConfigurationPlatforms) = preSolution
		Debug|Any CPU = Debug|Any CPU
		Release|Any CPU = Release|Any CPU
	EndGlobalSection
	GlobalSection(ProjectConfigurationPlatforms) = postSolution
		{DFFDA50B-AE09-4FF1-9F3B-7CCED717CF38}.Debug|Any CPU.ActiveCfg = Debug|Any CPU
		{DFFDA50B-AE09-4FF1-9F3B-7CCED717CF38}.Debug|Any CPU.Build.0 = Debug|Any CPU
		{DFFDA50B-AE09-4FF1-9F3B-7CCED717CF38}.Release|Any CPU.ActiveCfg = Release|Any CPU
		{DFFDA50B-AE09-4FF1-9F3B-7CCED717CF38}.Release|Any CPU.Build.0 = Release|Any CPU
	EndGlobalSection
	GlobalSection(SolutionProperties) = preSolution
		HideSolutionNode = FALSE
	EndGlobalSection
	GlobalSection(ExtensibilityGlobals) = postSolution
		SolutionGuid = {8ED6DC8F-C89A-483A-A467-04A835C77739}
	EndGlobalSection
EndGlobal
